PODS:
  - ConnectionAnimation (1.0.5)

DEPENDENCIES:
  - ConnectionAnimation (from `../`)

EXTERNAL SOURCES:
  ConnectionAnimation:
    :path: "../"

SPEC CHECKSUMS:
  ConnectionAnimation: f6193749dc25e66b3bedd85dd5a15e1f2d4c27d2

PODFILE CHECKSUM: 7b09a6cb93f5f8f13670cbd8433f39f383b52730

COCOAPODS: 1.1.0.rc.2
